
Microsoft Visual Studio Solution File, Format Version 12.00
# Visual Studio Version 17
VisualStudioVersion = 17.0.31903.59
MinimumVisualStudioVersion = 10.0.40219.1
Project("{2150E333-8FDC-42A3-9474-1A3956D46DE8}") = "src", "src", "{827E0CD3-B72D-47B6-A68D-7590B98EB39B}"
EndProject
Project("{FAE04EC0-301F-11D3-BF4B-00C04F79EFBC}") = "Authentication", "src\Authentication\Authentication.csproj", "{4E9A10F9-9AB7-4DC9-AF87-AB681910575A}"
EndProject
Project("{FAE04EC0-301F-11D3-BF4B-00C04F79EFBC}") = "Control", "src\Control\Control.csproj", "{D9543514-4B83-42D3-BFB5-4C5C57D0D52A}"
EndProject
Project("{FAE04EC0-301F-11D3-BF4B-00C04F79EFBC}") = "CargaMasiva", "src\CargaMasiva\CargaMasiva.csproj", "{F8819C51-67D7-4070-8E68-D9B615D22F81}"
EndProject
Project("{FAE04EC0-301F-11D3-BF4B-00C04F79EFBC}") = "Notificaciones", "src\Notificaciones\Notificaciones.csproj", "{802503F1-E719-4EFB-92C2-5FA217CB036E}"
EndProject
Project("{FAE04EC0-301F-11D3-BF4B-00C04F79EFBC}") = "ApiGateway", "src\ApiGateway\ApiGateway.csproj", "{EFE33383-C163-4FF4-8EB1-2278A9BAEA2A}"
EndProject
Project("{FAE04EC0-301F-11D3-BF4B-00C04F79EFBC}") = "Authentication.Application", "src\Authentication.Application\Authentication.Application.csproj", "{6227E659-C031-4638-B048-8DE02067ECE9}"
EndProject
Project("{FAE04EC0-301F-11D3-BF4B-00C04F79EFBC}") = "Authentication.Domain", "src\Authentication.Domain\Authentication.Domain.csproj", "{3A2E56A9-15B2-47B6-98FC-52BC672C545C}"
EndProject
Project("{FAE04EC0-301F-11D3-BF4B-00C04F79EFBC}") = "Authentication.Infrastructure", "src\Authentication.Infrastructure\Authentication.Infrastructure.csproj", "{BB820721-CBB7-45DE-9859-65741A9E76E4}"
EndProject
Project("{FAE04EC0-301F-11D3-BF4B-00C04F79EFBC}") = "Control.Domain", "src\Control.Domain\Control.Domain.csproj", "{35F68D6D-A46A-455A-A067-0D319165864A}"
EndProject
Project("{FAE04EC0-301F-11D3-BF4B-00C04F79EFBC}") = "Control.Application", "src\Control.Application\Control.Application.csproj", "{0A42E6D8-6B44-4986-A07D-C184A83DB113}"
EndProject
Project("{FAE04EC0-301F-11D3-BF4B-00C04F79EFBC}") = "Control.Infrastructure", "src\Control.Infrastructure\Control.Infrastructure.csproj", "{45C3D3A3-1E7B-4063-AA79-171F1F7EE345}"
EndProject
Global
	GlobalSection(SolutionConfigurationPlatforms) = preSolution
		Debug|Any CPU = Debug|Any CPU
		Debug|x64 = Debug|x64
		Debug|x86 = Debug|x86
		Release|Any CPU = Release|Any CPU
		Release|x64 = Release|x64
		Release|x86 = Release|x86
	EndGlobalSection
	GlobalSection(ProjectConfigurationPlatforms) = postSolution
		{4E9A10F9-9AB7-4DC9-AF87-AB681910575A}.Debug|Any CPU.ActiveCfg = Debug|Any CPU
		{4E9A10F9-9AB7-4DC9-AF87-AB681910575A}.Debug|Any CPU.Build.0 = Debug|Any CPU
		{4E9A10F9-9AB7-4DC9-AF87-AB681910575A}.Debug|x64.ActiveCfg = Debug|Any CPU
		{4E9A10F9-9AB7-4DC9-AF87-AB681910575A}.Debug|x64.Build.0 = Debug|Any CPU
		{4E9A10F9-9AB7-4DC9-AF87-AB681910575A}.Debug|x86.ActiveCfg = Debug|Any CPU
		{4E9A10F9-9AB7-4DC9-AF87-AB681910575A}.Debug|x86.Build.0 = Debug|Any CPU
		{4E9A10F9-9AB7-4DC9-AF87-AB681910575A}.Release|Any CPU.ActiveCfg = Release|Any CPU
		{4E9A10F9-9AB7-4DC9-AF87-AB681910575A}.Release|Any CPU.Build.0 = Release|Any CPU
		{4E9A10F9-9AB7-4DC9-AF87-AB681910575A}.Release|x64.ActiveCfg = Release|Any CPU
		{4E9A10F9-9AB7-4DC9-AF87-AB681910575A}.Release|x64.Build.0 = Release|Any CPU
		{4E9A10F9-9AB7-4DC9-AF87-AB681910575A}.Release|x86.ActiveCfg = Release|Any CPU
		{4E9A10F9-9AB7-4DC9-AF87-AB681910575A}.Release|x86.Build.0 = Release|Any CPU
		{D9543514-4B83-42D3-BFB5-4C5C57D0D52A}.Debug|Any CPU.ActiveCfg = Debug|Any CPU
		{D9543514-4B83-42D3-BFB5-4C5C57D0D52A}.Debug|Any CPU.Build.0 = Debug|Any CPU
		{D9543514-4B83-42D3-BFB5-4C5C57D0D52A}.Debug|x64.ActiveCfg = Debug|Any CPU
		{D9543514-4B83-42D3-BFB5-4C5C57D0D52A}.Debug|x64.Build.0 = Debug|Any CPU
		{D9543514-4B83-42D3-BFB5-4C5C57D0D52A}.Debug|x86.ActiveCfg = Debug|Any CPU
		{D9543514-4B83-42D3-BFB5-4C5C57D0D52A}.Debug|x86.Build.0 = Debug|Any CPU
		{D9543514-4B83-42D3-BFB5-4C5C57D0D52A}.Release|Any CPU.ActiveCfg = Release|Any CPU
		{D9543514-4B83-42D3-BFB5-4C5C57D0D52A}.Release|Any CPU.Build.0 = Release|Any CPU
		{D9543514-4B83-42D3-BFB5-4C5C57D0D52A}.Release|x64.ActiveCfg = Release|Any CPU
		{D9543514-4B83-42D3-BFB5-4C5C57D0D52A}.Release|x64.Build.0 = Release|Any CPU
		{D9543514-4B83-42D3-BFB5-4C5C57D0D52A}.Release|x86.ActiveCfg = Release|Any CPU
		{D9543514-4B83-42D3-BFB5-4C5C57D0D52A}.Release|x86.Build.0 = Release|Any CPU
		{F8819C51-67D7-4070-8E68-D9B615D22F81}.Debug|Any CPU.ActiveCfg = Debug|Any CPU
		{F8819C51-67D7-4070-8E68-D9B615D22F81}.Debug|Any CPU.Build.0 = Debug|Any CPU
		{F8819C51-67D7-4070-8E68-D9B615D22F81}.Debug|x64.ActiveCfg = Debug|Any CPU
		{F8819C51-67D7-4070-8E68-D9B615D22F81}.Debug|x64.Build.0 = Debug|Any CPU
		{F8819C51-67D7-4070-8E68-D9B615D22F81}.Debug|x86.ActiveCfg = Debug|Any CPU
		{F8819C51-67D7-4070-8E68-D9B615D22F81}.Debug|x86.Build.0 = Debug|Any CPU
		{F8819C51-67D7-4070-8E68-D9B615D22F81}.Release|Any CPU.ActiveCfg = Release|Any CPU
		{F8819C51-67D7-4070-8E68-D9B615D22F81}.Release|Any CPU.Build.0 = Release|Any CPU
		{F8819C51-67D7-4070-8E68-D9B615D22F81}.Release|x64.ActiveCfg = Release|Any CPU
		{F8819C51-67D7-4070-8E68-D9B615D22F81}.Release|x64.Build.0 = Release|Any CPU
		{F8819C51-67D7-4070-8E68-D9B615D22F81}.Release|x86.ActiveCfg = Release|Any CPU
		{F8819C51-67D7-4070-8E68-D9B615D22F81}.Release|x86.Build.0 = Release|Any CPU
		{802503F1-E719-4EFB-92C2-5FA217CB036E}.Debug|Any CPU.ActiveCfg = Debug|Any CPU
		{802503F1-E719-4EFB-92C2-5FA217CB036E}.Debug|Any CPU.Build.0 = Debug|Any CPU
		{802503F1-E719-4EFB-92C2-5FA217CB036E}.Debug|x64.ActiveCfg = Debug|Any CPU
		{802503F1-E719-4EFB-92C2-5FA217CB036E}.Debug|x64.Build.0 = Debug|Any CPU
		{802503F1-E719-4EFB-92C2-5FA217CB036E}.Debug|x86.ActiveCfg = Debug|Any CPU
		{802503F1-E719-4EFB-92C2-5FA217CB036E}.Debug|x86.Build.0 = Debug|Any CPU
		{802503F1-E719-4EFB-92C2-5FA217CB036E}.Release|Any CPU.ActiveCfg = Release|Any CPU
		{802503F1-E719-4EFB-92C2-5FA217CB036E}.Release|Any CPU.Build.0 = Release|Any CPU
		{802503F1-E719-4EFB-92C2-5FA217CB036E}.Release|x64.ActiveCfg = Release|Any CPU
		{802503F1-E719-4EFB-92C2-5FA217CB036E}.Release|x64.Build.0 = Release|Any CPU
		{802503F1-E719-4EFB-92C2-5FA217CB036E}.Release|x86.ActiveCfg = Release|Any CPU
		{802503F1-E719-4EFB-92C2-5FA217CB036E}.Release|x86.Build.0 = Release|Any CPU
		{EFE33383-C163-4FF4-8EB1-2278A9BAEA2A}.Debug|Any CPU.ActiveCfg = Debug|Any CPU
		{EFE33383-C163-4FF4-8EB1-2278A9BAEA2A}.Debug|Any CPU.Build.0 = Debug|Any CPU
		{EFE33383-C163-4FF4-8EB1-2278A9BAEA2A}.Debug|x64.ActiveCfg = Debug|Any CPU
		{EFE33383-C163-4FF4-8EB1-2278A9BAEA2A}.Debug|x64.Build.0 = Debug|Any CPU
		{EFE33383-C163-4FF4-8EB1-2278A9BAEA2A}.Debug|x86.ActiveCfg = Debug|Any CPU
		{EFE33383-C163-4FF4-8EB1-2278A9BAEA2A}.Debug|x86.Build.0 = Debug|Any CPU
		{EFE33383-C163-4FF4-8EB1-2278A9BAEA2A}.Release|Any CPU.ActiveCfg = Release|Any CPU
		{EFE33383-C163-4FF4-8EB1-2278A9BAEA2A}.Release|Any CPU.Build.0 = Release|Any CPU
		{EFE33383-C163-4FF4-8EB1-2278A9BAEA2A}.Release|x64.ActiveCfg = Release|Any CPU
		{EFE33383-C163-4FF4-8EB1-2278A9BAEA2A}.Release|x64.Build.0 = Release|Any CPU
		{EFE33383-C163-4FF4-8EB1-2278A9BAEA2A}.Release|x86.ActiveCfg = Release|Any CPU
		{EFE33383-C163-4FF4-8EB1-2278A9BAEA2A}.Release|x86.Build.0 = Release|Any CPU
		{6227E659-C031-4638-B048-8DE02067ECE9}.Debug|Any CPU.ActiveCfg = Debug|Any CPU
		{6227E659-C031-4638-B048-8DE02067ECE9}.Debug|Any CPU.Build.0 = Debug|Any CPU
		{6227E659-C031-4638-B048-8DE02067ECE9}.Debug|x64.ActiveCfg = Debug|Any CPU
		{6227E659-C031-4638-B048-8DE02067ECE9}.Debug|x64.Build.0 = Debug|Any CPU
		{6227E659-C031-4638-B048-8DE02067ECE9}.Debug|x86.ActiveCfg = Debug|Any CPU
		{6227E659-C031-4638-B048-8DE02067ECE9}.Debug|x86.Build.0 = Debug|Any CPU
		{6227E659-C031-4638-B048-8DE02067ECE9}.Release|Any CPU.ActiveCfg = Release|Any CPU
		{6227E659-C031-4638-B048-8DE02067ECE9}.Release|Any CPU.Build.0 = Release|Any CPU
		{6227E659-C031-4638-B048-8DE02067ECE9}.Release|x64.ActiveCfg = Release|Any CPU
		{6227E659-C031-4638-B048-8DE02067ECE9}.Release|x64.Build.0 = Release|Any CPU
		{6227E659-C031-4638-B048-8DE02067ECE9}.Release|x86.ActiveCfg = Release|Any CPU
		{6227E659-C031-4638-B048-8DE02067ECE9}.Release|x86.Build.0 = Release|Any CPU
		{3A2E56A9-15B2-47B6-98FC-52BC672C545C}.Debug|Any CPU.ActiveCfg = Debug|Any CPU
		{3A2E56A9-15B2-47B6-98FC-52BC672C545C}.Debug|Any CPU.Build.0 = Debug|Any CPU
		{3A2E56A9-15B2-47B6-98FC-52BC672C545C}.Debug|x64.ActiveCfg = Debug|Any CPU
		{3A2E56A9-15B2-47B6-98FC-52BC672C545C}.Debug|x64.Build.0 = Debug|Any CPU
		{3A2E56A9-15B2-47B6-98FC-52BC672C545C}.Debug|x86.ActiveCfg = Debug|Any CPU
		{3A2E56A9-15B2-47B6-98FC-52BC672C545C}.Debug|x86.Build.0 = Debug|Any CPU
		{3A2E56A9-15B2-47B6-98FC-52BC672C545C}.Release|Any CPU.ActiveCfg = Release|Any CPU
		{3A2E56A9-15B2-47B6-98FC-52BC672C545C}.Release|Any CPU.Build.0 = Release|Any CPU
		{3A2E56A9-15B2-47B6-98FC-52BC672C545C}.Release|x64.ActiveCfg = Release|Any CPU
		{3A2E56A9-15B2-47B6-98FC-52BC672C545C}.Release|x64.Build.0 = Release|Any CPU
		{3A2E56A9-15B2-47B6-98FC-52BC672C545C}.Release|x86.ActiveCfg = Release|Any CPU
		{3A2E56A9-15B2-47B6-98FC-52BC672C545C}.Release|x86.Build.0 = Release|Any CPU
		{BB820721-CBB7-45DE-9859-65741A9E76E4}.Debug|Any CPU.ActiveCfg = Debug|Any CPU
		{BB820721-CBB7-45DE-9859-65741A9E76E4}.Debug|Any CPU.Build.0 = Debug|Any CPU
		{BB820721-CBB7-45DE-9859-65741A9E76E4}.Debug|x64.ActiveCfg = Debug|Any CPU
		{BB820721-CBB7-45DE-9859-65741A9E76E4}.Debug|x64.Build.0 = Debug|Any CPU
		{BB820721-CBB7-45DE-9859-65741A9E76E4}.Debug|x86.ActiveCfg = Debug|Any CPU
		{BB820721-CBB7-45DE-9859-65741A9E76E4}.Debug|x86.Build.0 = Debug|Any CPU
		{BB820721-CBB7-45DE-9859-65741A9E76E4}.Release|Any CPU.ActiveCfg = Release|Any CPU
		{BB820721-CBB7-45DE-9859-65741A9E76E4}.Release|Any CPU.Build.0 = Release|Any CPU
		{BB820721-CBB7-45DE-9859-65741A9E76E4}.Release|x64.ActiveCfg = Release|Any CPU
		{BB820721-CBB7-45DE-9859-65741A9E76E4}.Release|x64.Build.0 = Release|Any CPU
		{BB820721-CBB7-45DE-9859-65741A9E76E4}.Release|x86.ActiveCfg = Release|Any CPU
		{BB820721-CBB7-45DE-9859-65741A9E76E4}.Release|x86.Build.0 = Release|Any CPU
		{35F68D6D-A46A-455A-A067-0D319165864A}.Debug|Any CPU.ActiveCfg = Debug|Any CPU
		{35F68D6D-A46A-455A-A067-0D319165864A}.Debug|Any CPU.Build.0 = Debug|Any CPU
		{35F68D6D-A46A-455A-A067-0D319165864A}.Debug|x64.ActiveCfg = Debug|Any CPU
		{35F68D6D-A46A-455A-A067-0D319165864A}.Debug|x64.Build.0 = Debug|Any CPU
		{35F68D6D-A46A-455A-A067-0D319165864A}.Debug|x86.ActiveCfg = Debug|Any CPU
		{35F68D6D-A46A-455A-A067-0D319165864A}.Debug|x86.Build.0 = Debug|Any CPU
		{35F68D6D-A46A-455A-A067-0D319165864A}.Release|Any CPU.ActiveCfg = Release|Any CPU
		{35F68D6D-A46A-455A-A067-0D319165864A}.Release|Any CPU.Build.0 = Release|Any CPU
		{35F68D6D-A46A-455A-A067-0D319165864A}.Release|x64.ActiveCfg = Release|Any CPU
		{35F68D6D-A46A-455A-A067-0D319165864A}.Release|x64.Build.0 = Release|Any CPU
		{35F68D6D-A46A-455A-A067-0D319165864A}.Release|x86.ActiveCfg = Release|Any CPU
		{35F68D6D-A46A-455A-A067-0D319165864A}.Release|x86.Build.0 = Release|Any CPU
		{0A42E6D8-6B44-4986-A07D-C184A83DB113}.Debug|Any CPU.ActiveCfg = Debug|Any CPU
		{0A42E6D8-6B44-4986-A07D-C184A83DB113}.Debug|Any CPU.Build.0 = Debug|Any CPU
		{0A42E6D8-6B44-4986-A07D-C184A83DB113}.Debug|x64.ActiveCfg = Debug|Any CPU
		{0A42E6D8-6B44-4986-A07D-C184A83DB113}.Debug|x64.Build.0 = Debug|Any CPU
		{0A42E6D8-6B44-4986-A07D-C184A83DB113}.Debug|x86.ActiveCfg = Debug|Any CPU
		{0A42E6D8-6B44-4986-A07D-C184A83DB113}.Debug|x86.Build.0 = Debug|Any CPU
		{0A42E6D8-6B44-4986-A07D-C184A83DB113}.Release|Any CPU.ActiveCfg = Release|Any CPU
		{0A42E6D8-6B44-4986-A07D-C184A83DB113}.Release|Any CPU.Build.0 = Release|Any CPU
		{0A42E6D8-6B44-4986-A07D-C184A83DB113}.Release|x64.ActiveCfg = Release|Any CPU
		{0A42E6D8-6B44-4986-A07D-C184A83DB113}.Release|x64.Build.0 = Release|Any CPU
		{0A42E6D8-6B44-4986-A07D-C184A83DB113}.Release|x86.ActiveCfg = Release|Any CPU
		{0A42E6D8-6B44-4986-A07D-C184A83DB113}.Release|x86.Build.0 = Release|Any CPU
		{45C3D3A3-1E7B-4063-AA79-171F1F7EE345}.Debug|Any CPU.ActiveCfg = Debug|Any CPU
		{45C3D3A3-1E7B-4063-AA79-171F1F7EE345}.Debug|Any CPU.Build.0 = Debug|Any CPU
		{45C3D3A3-1E7B-4063-AA79-171F1F7EE345}.Debug|x64.ActiveCfg = Debug|Any CPU
		{45C3D3A3-1E7B-4063-AA79-171F1F7EE345}.Debug|x64.Build.0 = Debug|Any CPU
		{45C3D3A3-1E7B-4063-AA79-171F1F7EE345}.Debug|x86.ActiveCfg = Debug|Any CPU
		{45C3D3A3-1E7B-4063-AA79-171F1F7EE345}.Debug|x86.Build.0 = Debug|Any CPU
		{45C3D3A3-1E7B-4063-AA79-171F1F7EE345}.Release|Any CPU.ActiveCfg = Release|Any CPU
		{45C3D3A3-1E7B-4063-AA79-171F1F7EE345}.Release|Any CPU.Build.0 = Release|Any CPU
		{45C3D3A3-1E7B-4063-AA79-171F1F7EE345}.Release|x64.ActiveCfg = Release|Any CPU
		{45C3D3A3-1E7B-4063-AA79-171F1F7EE345}.Release|x64.Build.0 = Release|Any CPU
		{45C3D3A3-1E7B-4063-AA79-171F1F7EE345}.Release|x86.ActiveCfg = Release|Any CPU
		{45C3D3A3-1E7B-4063-AA79-171F1F7EE345}.Release|x86.Build.0 = Release|Any CPU
	EndGlobalSection
	GlobalSection(SolutionProperties) = preSolution
		HideSolutionNode = FALSE
	EndGlobalSection
	GlobalSection(NestedProjects) = preSolution
		{4E9A10F9-9AB7-4DC9-AF87-AB681910575A} = {827E0CD3-B72D-47B6-A68D-7590B98EB39B}
		{D9543514-4B83-42D3-BFB5-4C5C57D0D52A} = {827E0CD3-B72D-47B6-A68D-7590B98EB39B}
		{F8819C51-67D7-4070-8E68-D9B615D22F81} = {827E0CD3-B72D-47B6-A68D-7590B98EB39B}
		{802503F1-E719-4EFB-92C2-5FA217CB036E} = {827E0CD3-B72D-47B6-A68D-7590B98EB39B}
		{EFE33383-C163-4FF4-8EB1-2278A9BAEA2A} = {827E0CD3-B72D-47B6-A68D-7590B98EB39B}
		{6227E659-C031-4638-B048-8DE02067ECE9} = {827E0CD3-B72D-47B6-A68D-7590B98EB39B}
		{3A2E56A9-15B2-47B6-98FC-52BC672C545C} = {827E0CD3-B72D-47B6-A68D-7590B98EB39B}
		{BB820721-CBB7-45DE-9859-65741A9E76E4} = {827E0CD3-B72D-47B6-A68D-7590B98EB39B}
		{35F68D6D-A46A-455A-A067-0D319165864A} = {827E0CD3-B72D-47B6-A68D-7590B98EB39B}
		{0A42E6D8-6B44-4986-A07D-C184A83DB113} = {827E0CD3-B72D-47B6-A68D-7590B98EB39B}
		{45C3D3A3-1E7B-4063-AA79-171F1F7EE345} = {827E0CD3-B72D-47B6-A68D-7590B98EB39B}
	EndGlobalSection
EndGlobal
